
Microsoft Visual Studio Solution File, Format Version 12.00
# Visual Studio 15
VisualStudioVersion = 15.0.26124.0
MinimumVisualStudioVersion = 15.0.26124.0
Project("{2150E333-8FDC-42A3-9474-1A3956D46DE8}") = "src", "src", "{BEFC301B-FDF6-42AF-B821-360A580E8127}"
EndProject
Project("{FAE04EC0-301F-11D3-BF4B-00C04F79EFBC}") = "HelloWorld.Mvc", "src\HelloWorld.Mvc\HelloWorld.Mvc.csproj", "{241FE4DF-3500-434D-B047-A6692FB5AC59}"
EndProject
Project("{2150E333-8FDC-42A3-9474-1A3956D46DE8}") = "tests", "tests", "{5642F100-2553-45C0-A717-D86EB63EBA2A}"
EndProject
Project("{FAE04EC0-301F-11D3-BF4B-00C04F79EFBC}") = "HelloWorld.FunctionalTests", "tests\HelloWorld.FunctionalTests\HelloWorld.FunctionalTests.csproj", "{5382B1FA-BB8C-42BA-8148-C9BBC6DFB35A}"
EndProject
Global
	GlobalSection(SolutionConfigurationPlatforms) = preSolution
		Debug|Any CPU = Debug|Any CPU
		Debug|x64 = Debug|x64
		Debug|x86 = Debug|x86
		Release|Any CPU = Release|Any CPU
		Release|x64 = Release|x64
		Release|x86 = Release|x86
	EndGlobalSection
	GlobalSection(SolutionProperties) = preSolution
		HideSolutionNode = FALSE
	EndGlobalSection
	GlobalSection(ProjectConfigurationPlatforms) = postSolution
		{241FE4DF-3500-434D-B047-A6692FB5AC59}.Debug|Any CPU.ActiveCfg = Debug|Any CPU
		{241FE4DF-3500-434D-B047-A6692FB5AC59}.Debug|Any CPU.Build.0 = Debug|Any CPU
		{241FE4DF-3500-434D-B047-A6692FB5AC59}.Debug|x64.ActiveCfg = Debug|Any CPU
		{241FE4DF-3500-434D-B047-A6692FB5AC59}.Debug|x64.Build.0 = Debug|Any CPU
		{241FE4DF-3500-434D-B047-A6692FB5AC59}.Debug|x86.ActiveCfg = Debug|Any CPU
		{241FE4DF-3500-434D-B047-A6692FB5AC59}.Debug|x86.Build.0 = Debug|Any CPU
		{241FE4DF-3500-434D-B047-A6692FB5AC59}.Release|Any CPU.ActiveCfg = Release|Any CPU
		{241FE4DF-3500-434D-B047-A6692FB5AC59}.Release|Any CPU.Build.0 = Release|Any CPU
		{241FE4DF-3500-434D-B047-A6692FB5AC59}.Release|x64.ActiveCfg = Release|Any CPU
		{241FE4DF-3500-434D-B047-A6692FB5AC59}.Release|x64.Build.0 = Release|Any CPU
		{241FE4DF-3500-434D-B047-A6692FB5AC59}.Release|x86.ActiveCfg = Release|Any CPU
		{241FE4DF-3500-434D-B047-A6692FB5AC59}.Release|x86.Build.0 = Release|Any CPU
		{5382B1FA-BB8C-42BA-8148-C9BBC6DFB35A}.Debug|Any CPU.ActiveCfg = Debug|Any CPU
		{5382B1FA-BB8C-42BA-8148-C9BBC6DFB35A}.Debug|Any CPU.Build.0 = Debug|Any CPU
		{5382B1FA-BB8C-42BA-8148-C9BBC6DFB35A}.Debug|x64.ActiveCfg = Debug|Any CPU
		{5382B1FA-BB8C-42BA-8148-C9BBC6DFB35A}.Debug|x64.Build.0 = Debug|Any CPU
		{5382B1FA-BB8C-42BA-8148-C9BBC6DFB35A}.Debug|x86.ActiveCfg = Debug|Any CPU
		{5382B1FA-BB8C-42BA-8148-C9BBC6DFB35A}.Debug|x86.Build.0 = Debug|Any CPU
		{5382B1FA-BB8C-42BA-8148-C9BBC6DFB35A}.Release|Any CPU.ActiveCfg = Release|Any CPU
		{5382B1FA-BB8C-42BA-8148-C9BBC6DFB35A}.Release|Any CPU.Build.0 = Release|Any CPU
		{5382B1FA-BB8C-42BA-8148-C9BBC6DFB35A}.Release|x64.ActiveCfg = Release|Any CPU
		{5382B1FA-BB8C-42BA-8148-C9BBC6DFB35A}.Release|x64.Build.0 = Release|Any CPU
		{5382B1FA-BB8C-42BA-8148-C9BBC6DFB35A}.Release|x86.ActiveCfg = Release|Any CPU
		{5382B1FA-BB8C-42BA-8148-C9BBC6DFB35A}.Release|x86.Build.0 = Release|Any CPU
	EndGlobalSection
	GlobalSection(NestedProjects) = preSolution
		{241FE4DF-3500-434D-B047-A6692FB5AC59} = {BEFC301B-FDF6-42AF-B821-360A580E8127}
		{5382B1FA-BB8C-42BA-8148-C9BBC6DFB35A} = {5642F100-2553-45C0-A717-D86EB63EBA2A}
	EndGlobalSection
EndGlobal
